
Microsoft Visual Studio Solution File, Format Version 12.00
# Visual Studio Version 17
VisualStudioVersion = 17.6.33717.318
MinimumVisualStudioVersion = 10.0.40219.1
Project("{FAE04EC0-301F-11D3-BF4B-00C04F79EFBC}") = "social_media", "social_media\social_media.csproj", "{54A84EF0-46F1-4FBE-8309-7A09F4D1BD22}"
EndProject
Global
	GlobalSection(SolutionConfigurationPlatforms) = preSolution
		Debug|Any CPU = Debug|Any CPU
		Release|Any CPU = Release|Any CPU
	EndGlobalSection
	GlobalSection(ProjectConfigurationPlatforms) = postSolution
		{54A84EF0-46F1-4FBE-8309-7A09F4D1BD22}.Debug|Any CPU.ActiveCfg = Debug|Any CPU
		{54A84EF0-46F1-4FBE-8309-7A09F4D1BD22}.Debug|Any CPU.Build.0 = Debug|Any CPU
		{54A84EF0-46F1-4FBE-8309-7A09F4D1BD22}.Release|Any CPU.ActiveCfg = Release|Any CPU
		{54A84EF0-46F1-4FBE-8309-7A09F4D1BD22}.Release|Any CPU.Build.0 = Release|Any CPU
	EndGlobalSection
	GlobalSection(SolutionProperties) = preSolution
		HideSolutionNode = FALSE
	EndGlobalSection
	GlobalSection(ExtensibilityGlobals) = postSolution
		SolutionGuid = {5440E6CE-D16B-4D3E-9A18-A8090265108C}
	EndGlobalSection
EndGlobal
