
Microsoft Visual Studio Solution File, Format Version 12.00
# Visual Studio 15
VisualStudioVersion = 15.0.34112.143
MinimumVisualStudioVersion = 10.0.40219.1
Project("{FAE04EC0-301F-11D3-BF4B-00C04F79EFBC}") = "WebApplication1", "WebApplication1\WebApplication1.csproj", "{0CD2EA1A-10F3-4DB7-8280-96F7267B29E7}"
EndProject
Project("{FAE04EC0-301F-11D3-BF4B-00C04F79EFBC}") = "WebApplication1.Tests", "WebApplication1.Tests\WebApplication1.Tests.csproj", "{63FFAA8E-1AEA-494B-A4D5-01A2C9101E67}"
EndProject
Global
	GlobalSection(SolutionConfigurationPlatforms) = preSolution
		Debug|Any CPU = Debug|Any CPU
		Release|Any CPU = Release|Any CPU
	EndGlobalSection
	GlobalSection(ProjectConfigurationPlatforms) = postSolution
		{0CD2EA1A-10F3-4DB7-8280-96F7267B29E7}.Debug|Any CPU.ActiveCfg = Debug|Any CPU
		{0CD2EA1A-10F3-4DB7-8280-96F7267B29E7}.Debug|Any CPU.Build.0 = Debug|Any CPU
		{0CD2EA1A-10F3-4DB7-8280-96F7267B29E7}.Release|Any CPU.ActiveCfg = Release|Any CPU
		{0CD2EA1A-10F3-4DB7-8280-96F7267B29E7}.Release|Any CPU.Build.0 = Release|Any CPU
		{63FFAA8E-1AEA-494B-A4D5-01A2C9101E67}.Debug|Any CPU.ActiveCfg = Debug|Any CPU
		{63FFAA8E-1AEA-494B-A4D5-01A2C9101E67}.Debug|Any CPU.Build.0 = Debug|Any CPU
		{63FFAA8E-1AEA-494B-A4D5-01A2C9101E67}.Release|Any CPU.ActiveCfg = Release|Any CPU
		{63FFAA8E-1AEA-494B-A4D5-01A2C9101E67}.Release|Any CPU.Build.0 = Release|Any CPU
	EndGlobalSection
	GlobalSection(SolutionProperties) = preSolution
		HideSolutionNode = FALSE
	EndGlobalSection
	GlobalSection(ExtensibilityGlobals) = postSolution
		SolutionGuid = {0DD8F582-62C6-4F4B-A738-AF82DFA3F390}
	EndGlobalSection
EndGlobal
